
Microsoft Visual Studio Solution File, Format Version 12.00
# Visual Studio 16
Project("{FAE04EC0-301F-11D3-BF4B-00C04F79EFBC}") = "Assembly-CSharp", "Assembly-CSharp.csproj", "{C018FF08-0F64-21E8-86AA-8990037A0498}"
EndProject
Project("{FAE04EC0-301F-11D3-BF4B-00C04F79EFBC}") = "Assembly-CSharp-Editor", "Assembly-CSharp-Editor.csproj", "{96DDEF28-3544-DC3C-9132-094D363FD0DC}"
EndProject
Global
	GlobalSection(SolutionConfigurationPlatforms) = preSolution
		Debug|Any CPU = Debug|Any CPU
		Release|Any CPU = Release|Any CPU
	EndGlobalSection
	GlobalSection(ProjectConfigurationPlatforms) = postSolution
		{C018FF08-0F64-21E8-86AA-8990037A0498}.Debug|Any CPU.ActiveCfg = Debug|Any CPU
		{C018FF08-0F64-21E8-86AA-8990037A0498}.Debug|Any CPU.Build.0 = Debug|Any CPU
		{C018FF08-0F64-21E8-86AA-8990037A0498}.Release|Any CPU.ActiveCfg = Release|Any CPU
		{C018FF08-0F64-21E8-86AA-8990037A0498}.Release|Any CPU.Build.0 = Release|Any CPU
		{96DDEF28-3544-DC3C-9132-094D363FD0DC}.Debug|Any CPU.ActiveCfg = Debug|Any CPU
		{96DDEF28-3544-DC3C-9132-094D363FD0DC}.Debug|Any CPU.Build.0 = Debug|Any CPU
		{96DDEF28-3544-DC3C-9132-094D363FD0DC}.Release|Any CPU.ActiveCfg = Release|Any CPU
		{96DDEF28-3544-DC3C-9132-094D363FD0DC}.Release|Any CPU.Build.0 = Release|Any CPU
	EndGlobalSection
	GlobalSection(SolutionProperties) = preSolution
		HideSolutionNode = FALSE
	EndGlobalSection
EndGlobal
